<?xml version="1.0" encoding="utf-8"?>
<Project ToolsVersion="4.0" xmlns="http://schemas.microsoft.com/developer/msbuild/2003">
  <ItemGroup>
    <Filter Include="Source Files">
      <UniqueIdentifier>{4FC737F1-C7A5-4376-A066-2A32D752A2FF}</UniqueIdentifier>
      <Extensions>cpp;c;cc;cxx;def;odl;idl;hpj;bat;asm;asmx</Extensions>
    </Filter>
    <Filter Include="Header Files">
      <UniqueIdentifier>{93995380-89BD-4b04-88EB-625FBE52EBFB}</UniqueIdentifier>
      <Extensions>h;hh;hpp;hxx;hm;inl;inc;xsd</Extensions>
    </Filter>
    <Filter Include="Resource Files">
      <UniqueIdentifier>{67DA6AB6-F800-4c08-8B7A-83BB121AAD01}</UniqueIdentifier>
      <Extensions>rc;ico;cur;bmp;dlg;rc2;rct;bin;rgs;gif;jpg;jpeg;jpe;resx;tiff;tif;png;wav;mfcribbon-ms</Extensions>
    </Filter>
    <Filter Include="PreCompiledHeader">
      <UniqueIdentifier>{f0f3f8dc-b386-4a72-9029-99c16a5fc244}</UniqueIdentifier>
    </Filter>
    <Filter Include="PlayerState">
      <UniqueIdentifier>{7134b2fc-e2f9-46b4-b30d-16edcc01d40c}</UniqueIdentifier>
    </Filter>
    <Filter Include="OldFile">
      <UniqueIdentifier>{b34a812e-e8ff-493e-b004-4d4a16f7e9dc}</UniqueIdentifier>
    </Filter>
  </ItemGroup>
  <ItemGroup>
    <ClCompile Include="main.cpp">
      <Filter>Source Files</Filter>
    </ClCompile>
    <ClCompile Include="pch.cpp">
      <Filter>PreCompiledHeader</Filter>
    </ClCompile>
    <ClCompile Include="GameClass.cpp">
      <Filter>Source Files</Filter>
    </ClCompile>
    <ClCompile Include="Draw.cpp">
      <Filter>Source Files</Filter>
    </ClCompile>
    <ClCompile Include="Clock.cpp">
      <Filter>Source Files</Filter>
    </ClCompile>
    <ClCompile Include="Loading.cpp">
      <Filter>PreCompiledHeader</Filter>
    </ClCompile>
    <ClCompile Include="Input.cpp">
      <Filter>Source Files</Filter>
    </ClCompile>
    <ClCompile Include="DeviceContextManager.cpp">
      <Filter>Source Files</Filter>
    </ClCompile>
    <ClCompile Include="GameObjectClass.cpp">
      <Filter>Source Files</Filter>
    </ClCompile>
    <ClCompile Include="BackgroundClass.cpp">
      <Filter>Source Files</Filter>
    </ClCompile>
    <ClCompile Include="vec2.cpp">
      <Filter>Source Files</Filter>
    </ClCompile>
    <ClCompile Include="PlayerClass.cpp">
      <Filter>Source Files</Filter>
    </ClCompile>
    <ClCompile Include="PlayerMoveTop.cpp">
      <Filter>PlayerState</Filter>
    </ClCompile>
    <ClCompile Include="PlayerChageRight.cpp">
      <Filter>PlayerState</Filter>
    </ClCompile>
    <ClCompile Include="PlayerMoveRight.cpp">
      <Filter>PlayerState</Filter>
    </ClCompile>
    <ClCompile Include="PlayerMoveBottom.cpp">
      <Filter>PlayerState</Filter>
    </ClCompile>
    <ClCompile Include="PlayerChangeLeft.cpp">
      <Filter>PlayerState</Filter>
    </ClCompile>
    <ClCompile Include="PlayerMoveLeft.cpp">
      <Filter>PlayerState</Filter>
    </ClCompile>
    <ClCompile Include="PlayerStopMove.cpp">
      <Filter>PlayerState</Filter>
    </ClCompile>
    <ClCompile Include="PlayerChangeMovement.cpp">
      <Filter>OldFile</Filter>
    </ClCompile>
    <ClCompile Include="PlayerStopMovement.cpp">
      <Filter>OldFile</Filter>
    </ClCompile>
    <ClCompile Include="PlayerXDirectionMovement.cpp">
      <Filter>OldFile</Filter>
    </ClCompile>
    <ClCompile Include="PlayerYDirectionMovement.cpp">
      <Filter>OldFile</Filter>
    </ClCompile>
    <ClCompile Include="PlayerState.cpp">
      <Filter>PlayerState</Filter>
    </ClCompile>
    <ClCompile Include="GameLogic.cpp">
      <Filter>OldFile</Filter>
    </ClCompile>
    <ClCompile Include="ObjectClass.cpp">
      <Filter>OldFile</Filter>
    </ClCompile>
    <ClCompile Include="Player.cpp">
      <Filter>OldFile</Filter>
    </ClCompile>
    <ClCompile Include="ProjectileClass.cpp">
      <Filter>Source Files</Filter>
    </ClCompile>
    <ClCompile Include="NpcManagerClass.cpp">
      <Filter>Source Files</Filter>
    </ClCompile>
    <ClCompile Include="GunClass.cpp">
      <Filter>Source Files</Filter>
    </ClCompile>
    <ClCompile Include="CollideManager.cpp">
      <Filter>Source Files</Filter>
    </ClCompile>
    <ClCompile Include="UIManagerClass.cpp">
      <Filter>Source Files</Filter>
    </ClCompile>
    <ClCompile Include="EffectManagerClass.cpp">
      <Filter>Source Files</Filter>
    </ClCompile>
    <ClCompile Include="EnemyClass.cpp">
      <Filter>Source Files</Filter>
    </ClCompile>
  </ItemGroup>
  <ItemGroup>
    <ClInclude Include="pch.h">
      <Filter>PreCompiledHeader</Filter>
    </ClInclude>
    <ClInclude Include="GameClass.h">
      <Filter>Header Files</Filter>
    </ClInclude>
    <ClInclude Include="Clock.h">
      <Filter>Header Files</Filter>
    </ClInclude>
    <ClInclude Include="Loading.h">
      <Filter>PreCompiledHeader</Filter>
    </ClInclude>
    <ClInclude Include="Input.h">
      <Filter>Header Files</Filter>
    </ClInclude>
    <ClInclude Include="DeviceContextManager.h">
      <Filter>Header Files</Filter>
    </ClInclude>
    <ClInclude Include="GameObjectClass.h">
      <Filter>Header Files</Filter>
    </ClInclude>
    <ClInclude Include="BackgroundClass.h">
      <Filter>Header Files</Filter>
    </ClInclude>
    <ClInclude Include="vec2.h">
      <Filter>Header Files</Filter>
    </ClInclude>
    <ClInclude Include="PlayerClass.h">
      <Filter>Header Files</Filter>
    </ClInclude>
    <ClInclude Include="PlayerState.h">
      <Filter>PlayerState</Filter>
    </ClInclude>
    <ClInclude Include="PlayerMoveTop.h">
      <Filter>PlayerState</Filter>
    </ClInclude>
    <ClInclude Include="PlayerChageRight.h">
      <Filter>PlayerState</Filter>
    </ClInclude>
    <ClInclude Include="PlayerMoveRight.h">
      <Filter>PlayerState</Filter>
    </ClInclude>
    <ClInclude Include="PlayerMoveBottom.h">
      <Filter>PlayerState</Filter>
    </ClInclude>
    <ClInclude Include="PlayerChangeLeft.h">
      <Filter>PlayerState</Filter>
    </ClInclude>
    <ClInclude Include="PlayerMoveLeft.h">
      <Filter>PlayerState</Filter>
    </ClInclude>
    <ClInclude Include="PlayerStopMove.h">
      <Filter>PlayerState</Filter>
    </ClInclude>
    <ClInclude Include="Player.h">
      <Filter>OldFile</Filter>
    </ClInclude>
    <ClInclude Include="ObjectClass.h">
      <Filter>OldFile</Filter>
    </ClInclude>
    <ClInclude Include="Draw.h">
      <Filter>OldFile</Filter>
    </ClInclude>
    <ClInclude Include="GameLogic.h">
      <Filter>OldFile</Filter>
    </ClInclude>
    <ClInclude Include="PlayerChangeMovement.h">
      <Filter>OldFile</Filter>
    </ClInclude>
    <ClInclude Include="PlayerStopMovement.h">
      <Filter>OldFile</Filter>
    </ClInclude>
    <ClInclude Include="PlayerXDirectionMovement.h">
      <Filter>OldFile</Filter>
    </ClInclude>
    <ClInclude Include="PlayerYDirectionMovement.h">
      <Filter>OldFile</Filter>
    </ClInclude>
    <ClInclude Include="ProjectileClass.h">
      <Filter>Header Files</Filter>
    </ClInclude>
    <ClInclude Include="NpcManagerClass.h">
      <Filter>Header Files</Filter>
    </ClInclude>
    <ClInclude Include="GunClass.h">
      <Filter>Header Files</Filter>
    </ClInclude>
    <ClInclude Include="CollideManager.h">
      <Filter>Header Files</Filter>
    </ClInclude>
    <ClInclude Include="UIManagerClass.h">
      <Filter>Header Files</Filter>
    </ClInclude>
    <ClInclude Include="EffectManagerClass.h">
      <Filter>Header Files</Filter>
    </ClInclude>
    <ClInclude Include="EnemyClass.h">
      <Filter>Header Files</Filter>
    </ClInclude>
  </ItemGroup>
</Project>